
Microsoft Visual Studio Solution File, Format Version 12.00
# Visual Studio Version 17
VisualStudioVersion = 17.3.32804.467
MinimumVisualStudioVersion = 10.0.40219.1
Project("{FAE04EC0-301F-11D3-BF4B-00C04F79EFBC}") = "Projet 2022", "Projet 2022.csproj", "{2EA3B897-03CC-4FAC-BCA9-62C5C9343576}"
EndProject
Global
	GlobalSection(SolutionConfigurationPlatforms) = preSolution
		Debug|Any CPU = Debug|Any CPU
		Release|Any CPU = Release|Any CPU
	EndGlobalSection
	GlobalSection(ProjectConfigurationPlatforms) = postSolution
		{2EA3B897-03CC-4FAC-BCA9-62C5C9343576}.Debug|Any CPU.ActiveCfg = Debug|Any CPU
		{2EA3B897-03CC-4FAC-BCA9-62C5C9343576}.Debug|Any CPU.Build.0 = Debug|Any CPU
		{2EA3B897-03CC-4FAC-BCA9-62C5C9343576}.Release|Any CPU.ActiveCfg = Release|Any CPU
		{2EA3B897-03CC-4FAC-BCA9-62C5C9343576}.Release|Any CPU.Build.0 = Release|Any CPU
	EndGlobalSection
	GlobalSection(SolutionProperties) = preSolution
		HideSolutionNode = FALSE
	EndGlobalSection
	GlobalSection(ExtensibilityGlobals) = postSolution
		SolutionGuid = {214BA9BF-9AC9-4639-AE0D-381B89AC40F8}
	EndGlobalSection
EndGlobal
